// !$*UTF8*$!
{
	archiveVersion = 1;
	classes = {
	};
	objectVersion = 50;
	objects = {

/* Begin PBXBuildFile section */
		298AC56921C8CE3600C3006D /* AppDelegate.swift in Sources */ = {isa = PBXBuildFile; fileRef = 298AC56821C8CE3600C3006D /* AppDelegate.swift */; };
		298AC57321C8CE3600C3006D /* LaunchScreen.storyboard in Resources */ = {isa = PBXBuildFile; fileRef = 298AC57121C8CE3600C3006D /* LaunchScreen.storyboard */; };
		298AC57E21C8CE3600C3006D /* LinggkaMusic_ListView_v3Tests.swift in Sources */ = {isa = PBXBuildFile; fileRef = 298AC57D21C8CE3600C3006D /* LinggkaMusic_ListView_v3Tests.swift */; };
		298AC58921C8CE3700C3006D /* LinggkaMusic_ListView_v3UITests.swift in Sources */ = {isa = PBXBuildFile; fileRef = 298AC58821C8CE3700C3006D /* LinggkaMusic_ListView_v3UITests.swift */; };
		298AC5A821C8CE5200C3006D /* ViewArtists.swift in Sources */ = {isa = PBXBuildFile; fileRef = 298AC59721C8CE5200C3006D /* ViewArtists.swift */; };
		298AC5A921C8CE5200C3006D /* ViewSongs.swift in Sources */ = {isa = PBXBuildFile; fileRef = 298AC59821C8CE5200C3006D /* ViewSongs.swift */; };
		298AC5AA21C8CE5200C3006D /* ViewAlbums.swift in Sources */ = {isa = PBXBuildFile; fileRef = 298AC59921C8CE5200C3006D /* ViewAlbums.swift */; };
		298AC5AB21C8CE5200C3006D /* ViewPlaylists.swift in Sources */ = {isa = PBXBuildFile; fileRef = 298AC59A21C8CE5200C3006D /* ViewPlaylists.swift */; };
		298AC5AC21C8CE5200C3006D /* Assets.xcassets in Resources */ = {isa = PBXBuildFile; fileRef = 298AC59B21C8CE5200C3006D /* Assets.xcassets */; };
		298AC5AD21C8CE5200C3006D /* DataBase.swift in Sources */ = {isa = PBXBuildFile; fileRef = 298AC59D21C8CE5200C3006D /* DataBase.swift */; };
		298AC5AE21C8CE5200C3006D /* ViewControllerBase.swift in Sources */ = {isa = PBXBuildFile; fileRef = 298AC59F21C8CE5200C3006D /* ViewControllerBase.swift */; };
		298AC5AF21C8CE5200C3006D /* ViewControllerCollectionBase.swift in Sources */ = {isa = PBXBuildFile; fileRef = 298AC5A021C8CE5200C3006D /* ViewControllerCollectionBase.swift */; };
		298AC5B021C8CE5200C3006D /* ViewControllerTableBase.swift in Sources */ = {isa = PBXBuildFile; fileRef = 298AC5A121C8CE5200C3006D /* ViewControllerTableBase.swift */; };
		298AC5B121C8CE5200C3006D /* Main.storyboard in Resources */ = {isa = PBXBuildFile; fileRef = 298AC5A221C8CE5200C3006D /* Main.storyboard */; };
		298AC5B221C8CE5200C3006D /* TableViewCellBase.swift in Sources */ = {isa = PBXBuildFile; fileRef = 298AC5A421C8CE5200C3006D /* TableViewCellBase.swift */; };
		298AC5B321C8CE5200C3006D /* TableViewCellSong.swift in Sources */ = {isa = PBXBuildFile; fileRef = 298AC5A521C8CE5200C3006D /* TableViewCellSong.swift */; };
		298AC5B421C8CE5200C3006D /* TableViewCellPlaylist.swift in Sources */ = {isa = PBXBuildFile; fileRef = 298AC5A621C8CE5200C3006D /* TableViewCellPlaylist.swift */; };
		298AC5B521C8CE5200C3006D /* TableViewCellArtist.swift in Sources */ = {isa = PBXBuildFile; fileRef = 298AC5A721C8CE5200C3006D /* TableViewCellArtist.swift */; };
		298AC5C521C8CE7500C3006D /* FMDatabaseAdditions.m in Sources */ = {isa = PBXBuildFile; fileRef = 298AC5BD21C8CE7500C3006D /* FMDatabaseAdditions.m */; };
		298AC5C621C8CE7500C3006D /* FMDatabaseQueue.m in Sources */ = {isa = PBXBuildFile; fileRef = 298AC5BF21C8CE7500C3006D /* FMDatabaseQueue.m */; };
		298AC5C721C8CE7500C3006D /* FMDatabasePool.m in Sources */ = {isa = PBXBuildFile; fileRef = 298AC5C121C8CE7500C3006D /* FMDatabasePool.m */; };
		298AC5C821C8CE7500C3006D /* FMResultSet.m in Sources */ = {isa = PBXBuildFile; fileRef = 298AC5C221C8CE7500C3006D /* FMResultSet.m */; };
		298AC5C921C8CE7500C3006D /* FMDatabase.m in Sources */ = {isa = PBXBuildFile; fileRef = 298AC5C321C8CE7500C3006D /* FMDatabase.m */; };
		298AC5DD21C8CE9000C3006D /* 8.jpg in Resources */ = {isa = PBXBuildFile; fileRef = 298AC5CB21C8CE8F00C3006D /* 8.jpg */; };
		298AC5DE21C8CE9000C3006D /* 9.jpg in Resources */ = {isa = PBXBuildFile; fileRef = 298AC5CC21C8CE8F00C3006D /* 9.jpg */; };
		298AC5DF21C8CE9000C3006D /* 14.jpg in Resources */ = {isa = PBXBuildFile; fileRef = 298AC5CD21C8CE8F00C3006D /* 14.jpg */; };
		298AC5E021C8CE9000C3006D /* 12.jpg in Resources */ = {isa = PBXBuildFile; fileRef = 298AC5CE21C8CE8F00C3006D /* 12.jpg */; };
		298AC5E121C8CE9000C3006D /* 13.jpg in Resources */ = {isa = PBXBuildFile; fileRef = 298AC5CF21C8CE8F00C3006D /* 13.jpg */; };
		298AC5E221C8CE9000C3006D /* 11.jpg in Resources */ = {isa = PBXBuildFile; fileRef = 298AC5D021C8CE8F00C3006D /* 11.jpg */; };
		298AC5E321C8CE9000C3006D /* 10.jpg in Resources */ = {isa = PBXBuildFile; fileRef = 298AC5D121C8CE8F00C3006D /* 10.jpg */; };
		298AC5E421C8CE9000C3006D /* 4.jpg in Resources */ = {isa = PBXBuildFile; fileRef = 298AC5D221C8CE8F00C3006D /* 4.jpg */; };
		298AC5E521C8CE9000C3006D /* 5.jpg in Resources */ = {isa = PBXBuildFile; fileRef = 298AC5D321C8CE8F00C3006D /* 5.jpg */; };
		298AC5E621C8CE9000C3006D /* 7.jpg in Resources */ = {isa = PBXBuildFile; fileRef = 298AC5D421C8CE8F00C3006D /* 7.jpg */; };
		298AC5E721C8CE9000C3006D /* 6.jpg in Resources */ = {isa = PBXBuildFile; fileRef = 298AC5D521C8CE8F00C3006D /* 6.jpg */; };
		298AC5E821C8CE9000C3006D /* 2.jpg in Resources */ = {isa = PBXBuildFile; fileRef = 298AC5D621C8CE8F00C3006D /* 2.jpg */; };
		298AC5E921C8CE9000C3006D /* 3.jpg in Resources */ = {isa = PBXBuildFile; fileRef = 298AC5D721C8CE8F00C3006D /* 3.jpg */; };
		298AC5EA21C8CE9000C3006D /* 1.jpg in Resources */ = {isa = PBXBuildFile; fileRef = 298AC5D821C8CE8F00C3006D /* 1.jpg */; };
		298AC5EB21C8CE9000C3006D /* ListView.swift in Sources */ = {isa = PBXBuildFile; fileRef = 298AC5DA21C8CE8F00C3006D /* ListView.swift */; };
		298AC5EC21C8CE9000C3006D /* Label.swift in Sources */ = {isa = PBXBuildFile; fileRef = 298AC5DC21C8CE8F00C3006D /* Label.swift */; };
/* End PBXBuildFile section */

/* Begin PBXContainerItemProxy section */
		298AC57A21C8CE3600C3006D /* PBXContainerItemProxy */ = {
			isa = PBXContainerItemProxy;
			containerPortal = 298AC55D21C8CE3600C3006D /* Project object */;
			proxyType = 1;
			remoteGlobalIDString = 298AC56421C8CE3600C3006D;
			remoteInfo = LinggkaMusic_ListView_v3;
		};
		298AC58521C8CE3700C3006D /* PBXContainerItemProxy */ = {
			isa = PBXContainerItemProxy;
			containerPortal = 298AC55D21C8CE3600C3006D /* Project object */;
			proxyType = 1;
			remoteGlobalIDString = 298AC56421C8CE3600C3006D;
			remoteInfo = LinggkaMusic_ListView_v3;
		};
/* End PBXContainerItemProxy section */

/* Begin PBXFileReference section */
		298AC56521C8CE3600C3006D /* LinggkaMusic_ListView_v3.app */ = {isa = PBXFileReference; explicitFileType = wrapper.application; includeInIndex = 0; path = LinggkaMusic_ListView_v3.app; sourceTree = BUILT_PRODUCTS_DIR; };
		298AC56821C8CE3600C3006D /* AppDelegate.swift */ = {isa = PBXFileReference; lastKnownFileType = sourcecode.swift; path = AppDelegate.swift; sourceTree = "<group>"; };
		298AC57221C8CE3600C3006D /* Base */ = {isa = PBXFileReference; lastKnownFileType = file.storyboard; name = Base; path = Base.lproj/LaunchScreen.storyboard; sourceTree = "<group>"; };
		298AC57421C8CE3600C3006D /* Info.plist */ = {isa = PBXFileReference; lastKnownFileType = text.plist.xml; path = Info.plist; sourceTree = "<group>"; };
		298AC57921C8CE3600C3006D /* LinggkaMusic_ListView_v3Tests.xctest */ = {isa = PBXFileReference; explicitFileType = wrapper.cfbundle; includeInIndex = 0; path = LinggkaMusic_ListView_v3Tests.xctest; sourceTree = BUILT_PRODUCTS_DIR; };
		298AC57D21C8CE3600C3006D /* LinggkaMusic_ListView_v3Tests.swift */ = {isa = PBXFileReference; lastKnownFileType = sourcecode.swift; path = LinggkaMusic_ListView_v3Tests.swift; sourceTree = "<group>"; };
		298AC57F21C8CE3600C3006D /* Info.plist */ = {isa = PBXFileReference; lastKnownFileType = text.plist.xml; path = Info.plist; sourceTree = "<group>"; };
		298AC58421C8CE3700C3006D /* LinggkaMusic_ListView_v3UITests.xctest */ = {isa = PBXFileReference; explicitFileType = wrapper.cfbundle; includeInIndex = 0; path = LinggkaMusic_ListView_v3UITests.xctest; sourceTree = BUILT_PRODUCTS_DIR; };
		298AC58821C8CE3700C3006D /* LinggkaMusic_ListView_v3UITests.swift */ = {isa = PBXFileReference; lastKnownFileType = sourcecode.swift; path = LinggkaMusic_ListView_v3UITests.swift; sourceTree = "<group>"; };
		298AC58A21C8CE3700C3006D /* Info.plist */ = {isa = PBXFileReference; lastKnownFileType = text.plist.xml; path = Info.plist; sourceTree = "<group>"; };
		298AC59721C8CE5200C3006D /* ViewArtists.swift */ = {isa = PBXFileReference; fileEncoding = 4; lastKnownFileType = sourcecode.swift; path = ViewArtists.swift; sourceTree = "<group>"; };
		298AC59821C8CE5200C3006D /* ViewSongs.swift */ = {isa = PBXFileReference; fileEncoding = 4; lastKnownFileType = sourcecode.swift; path = ViewSongs.swift; sourceTree = "<group>"; };
		298AC59921C8CE5200C3006D /* ViewAlbums.swift */ = {isa = PBXFileReference; fileEncoding = 4; lastKnownFileType = sourcecode.swift; path = ViewAlbums.swift; sourceTree = "<group>"; };
		298AC59A21C8CE5200C3006D /* ViewPlaylists.swift */ = {isa = PBXFileReference; fileEncoding = 4; lastKnownFileType = sourcecode.swift; path = ViewPlaylists.swift; sourceTree = "<group>"; };
		298AC59B21C8CE5200C3006D /* Assets.xcassets */ = {isa = PBXFileReference; lastKnownFileType = folder.assetcatalog; path = Assets.xcassets; sourceTree = "<group>"; };
		298AC59D21C8CE5200C3006D /* DataBase.swift */ = {isa = PBXFileReference; fileEncoding = 4; lastKnownFileType = sourcecode.swift; path = DataBase.swift; sourceTree = "<group>"; };
		298AC59F21C8CE5200C3006D /* ViewControllerBase.swift */ = {isa = PBXFileReference; fileEncoding = 4; lastKnownFileType = sourcecode.swift; path = ViewControllerBase.swift; sourceTree = "<group>"; };
		298AC5A021C8CE5200C3006D /* ViewControllerCollectionBase.swift */ = {isa = PBXFileReference; fileEncoding = 4; lastKnownFileType = sourcecode.swift; path = ViewControllerCollectionBase.swift; sourceTree = "<group>"; };
		298AC5A121C8CE5200C3006D /* ViewControllerTableBase.swift */ = {isa = PBXFileReference; fileEncoding = 4; lastKnownFileType = sourcecode.swift; path = ViewControllerTableBase.swift; sourceTree = "<group>"; };
		298AC5A221C8CE5200C3006D /* Main.storyboard */ = {isa = PBXFileReference; fileEncoding = 4; lastKnownFileType = file.storyboard; path = Main.storyboard; sourceTree = "<group>"; };
		298AC5A421C8CE5200C3006D /* TableViewCellBase.swift */ = {isa = PBXFileReference; fileEncoding = 4; lastKnownFileType = sourcecode.swift; path = TableViewCellBase.swift; sourceTree = "<group>"; };
		298AC5A521C8CE5200C3006D /* TableViewCellSong.swift */ = {isa = PBXFileReference; fileEncoding = 4; lastKnownFileType = sourcecode.swift; path = TableViewCellSong.swift; sourceTree = "<group>"; };
		298AC5A621C8CE5200C3006D /* TableViewCellPlaylist.swift */ = {isa = PBXFileReference; fileEncoding = 4; lastKnownFileType = sourcecode.swift; path = TableViewCellPlaylist.swift; sourceTree = "<group>"; };
		298AC5A721C8CE5200C3006D /* TableViewCellArtist.swift */ = {isa = PBXFileReference; fileEncoding = 4; lastKnownFileType = sourcecode.swift; path = TableViewCellArtist.swift; sourceTree = "<group>"; };
		298AC5B821C8CE7400C3006D /* LinggkaMusic_ListView_v3-Bridging-Header.h */ = {isa = PBXFileReference; lastKnownFileType = sourcecode.c.h; path = "LinggkaMusic_ListView_v3-Bridging-Header.h"; sourceTree = "<group>"; };
		298AC5B921C8CE7400C3006D /* FMDB.h */ = {isa = PBXFileReference; fileEncoding = 4; lastKnownFileType = sourcecode.c.h; path = FMDB.h; sourceTree = "<group>"; };
		298AC5BB21C8CE7500C3006D /* FMDatabasePool.h */ = {isa = PBXFileReference; fileEncoding = 4; lastKnownFileType = sourcecode.c.h; path = FMDatabasePool.h; sourceTree = "<group>"; };
		298AC5BC21C8CE7500C3006D /* FMDatabaseAdditions.h */ = {isa = PBXFileReference; fileEncoding = 4; lastKnownFileType = sourcecode.c.h; path = FMDatabaseAdditions.h; sourceTree = "<group>"; };
		298AC5BD21C8CE7500C3006D /* FMDatabaseAdditions.m */ = {isa = PBXFileReference; fileEncoding = 4; lastKnownFileType = sourcecode.c.objc; path = FMDatabaseAdditions.m; sourceTree = "<group>"; };
		298AC5BE21C8CE7500C3006D /* FMDatabaseQueue.h */ = {isa = PBXFileReference; fileEncoding = 4; lastKnownFileType = sourcecode.c.h; path = FMDatabaseQueue.h; sourceTree = "<group>"; };
		298AC5BF21C8CE7500C3006D /* FMDatabaseQueue.m */ = {isa = PBXFileReference; fileEncoding = 4; lastKnownFileType = sourcecode.c.objc; path = FMDatabaseQueue.m; sourceTree = "<group>"; };
		298AC5C021C8CE7500C3006D /* FMDatabase.h */ = {isa = PBXFileReference; fileEncoding = 4; lastKnownFileType = sourcecode.c.h; path = FMDatabase.h; sourceTree = "<group>"; };
		298AC5C121C8CE7500C3006D /* FMDatabasePool.m */ = {isa = PBXFileReference; fileEncoding = 4; lastKnownFileType = sourcecode.c.objc; path = FMDatabasePool.m; sourceTree = "<group>"; };
		298AC5C221C8CE7500C3006D /* FMResultSet.m */ = {isa = PBXFileReference; fileEncoding = 4; lastKnownFileType = sourcecode.c.objc; path = FMResultSet.m; sourceTree = "<group>"; };
		298AC5C321C8CE7500C3006D /* FMDatabase.m */ = {isa = PBXFileReference; fileEncoding = 4; lastKnownFileType = sourcecode.c.objc; path = FMDatabase.m; sourceTree = "<group>"; };
		298AC5C421C8CE7500C3006D /* FMResultSet.h */ = {isa = PBXFileReference; fileEncoding = 4; lastKnownFileType = sourcecode.c.h; path = FMResultSet.h; sourceTree = "<group>"; };
		298AC5CB21C8CE8F00C3006D /* 8.jpg */ = {isa = PBXFileReference; lastKnownFileType = image.jpeg; path = 8.jpg; sourceTree = "<group>"; };
		298AC5CC21C8CE8F00C3006D /* 9.jpg */ = {isa = PBXFileReference; lastKnownFileType = image.jpeg; path = 9.jpg; sourceTree = "<group>"; };
		298AC5CD21C8CE8F00C3006D /* 14.jpg */ = {isa = PBXFileReference; lastKnownFileType = image.jpeg; path = 14.jpg; sourceTree = "<group>"; };
		298AC5CE21C8CE8F00C3006D /* 12.jpg */ = {isa = PBXFileReference; lastKnownFileType = image.jpeg; path = 12.jpg; sourceTree = "<group>"; };
		298AC5CF21C8CE8F00C3006D /* 13.jpg */ = {isa = PBXFileReference; lastKnownFileType = image.jpeg; path = 13.jpg; sourceTree = "<group>"; };
		298AC5D021C8CE8F00C3006D /* 11.jpg */ = {isa = PBXFileReference; lastKnownFileType = image.jpeg; path = 11.jpg; sourceTree = "<group>"; };
		298AC5D121C8CE8F00C3006D /* 10.jpg */ = {isa = PBXFileReference; lastKnownFileType = image.jpeg; path = 10.jpg; sourceTree = "<group>"; };
		298AC5D221C8CE8F00C3006D /* 4.jpg */ = {isa = PBXFileReference; lastKnownFileType = image.jpeg; path = 4.jpg; sourceTree = "<group>"; };
		298AC5D321C8CE8F00C3006D /* 5.jpg */ = {isa = PBXFileReference; lastKnownFileType = image.jpeg; path = 5.jpg; sourceTree = "<group>"; };
		298AC5D421C8CE8F00C3006D /* 7.jpg */ = {isa = PBXFileReference; lastKnownFileType = image.jpeg; path = 7.jpg; sourceTree = "<group>"; };
		298AC5D521C8CE8F00C3006D /* 6.jpg */ = {isa = PBXFileReference; lastKnownFileType = image.jpeg; path = 6.jpg; sourceTree = "<group>"; };
		298AC5D621C8CE8F00C3006D /* 2.jpg */ = {isa = PBXFileReference; lastKnownFileType = image.jpeg; path = 2.jpg; sourceTree = "<group>"; };
		298AC5D721C8CE8F00C3006D /* 3.jpg */ = {isa = PBXFileReference; lastKnownFileType = image.jpeg; path = 3.jpg; sourceTree = "<group>"; };
		298AC5D821C8CE8F00C3006D /* 1.jpg */ = {isa = PBXFileReference; lastKnownFileType = image.jpeg; path = 1.jpg; sourceTree = "<group>"; };
		298AC5DA21C8CE8F00C3006D /* ListView.swift */ = {isa = PBXFileReference; fileEncoding = 4; lastKnownFileType = sourcecode.swift; path = ListView.swift; sourceTree = "<group>"; };
		298AC5DC21C8CE8F00C3006D /* Label.swift */ = {isa = PBXFileReference; fileEncoding = 4; lastKnownFileType = sourcecode.swift; path = Label.swift; sourceTree = "<group>"; };
/* End PBXFileReference section */

/* Begin PBXFrameworksBuildPhase section */
		298AC56221C8CE3600C3006D /* Frameworks */ = {
			isa = PBXFrameworksBuildPhase;
			buildActionMask = 2147483647;
			files = (
			);
			runOnlyForDeploymentPostprocessing = 0;
		};
		298AC57621C8CE3600C3006D /* Frameworks */ = {
			isa = PBXFrameworksBuildPhase;
			buildActionMask = 2147483647;
			files = (
			);
			runOnlyForDeploymentPostprocessing = 0;
		};
		298AC58121C8CE3700C3006D /* Frameworks */ = {
			isa = PBXFrameworksBuildPhase;
			buildActionMask = 2147483647;
			files = (
			);
			runOnlyForDeploymentPostprocessing = 0;
		};
/* End PBXFrameworksBuildPhase section */

/* Begin PBXGroup section */
		298AC55C21C8CE3600C3006D = {
			isa = PBXGroup;
			children = (
				298AC56721C8CE3600C3006D /* LinggkaMusic_ListView_v3 */,
				298AC57C21C8CE3600C3006D /* LinggkaMusic_ListView_v3Tests */,
				298AC58721C8CE3700C3006D /* LinggkaMusic_ListView_v3UITests */,
				298AC56621C8CE3600C3006D /* Products */,
			);
			sourceTree = "<group>";
		};
		298AC56621C8CE3600C3006D /* Products */ = {
			isa = PBXGroup;
			children = (
				298AC56521C8CE3600C3006D /* LinggkaMusic_ListView_v3.app */,
				298AC57921C8CE3600C3006D /* LinggkaMusic_ListView_v3Tests.xctest */,
				298AC58421C8CE3700C3006D /* LinggkaMusic_ListView_v3UITests.xctest */,
			);
			name = Products;
			sourceTree = "<group>";
		};
		298AC56721C8CE3600C3006D /* LinggkaMusic_ListView_v3 */ = {
			isa = PBXGroup;
			children = (
				298AC5B621C8CE5900C3006D /* Resource */,
				298AC59C21C8CE5200C3006D /* DataBase */,
				298AC5A321C8CE5200C3006D /* UITableViewCell */,
				298AC59E21C8CE5200C3006D /* ViewBase */,
				298AC59621C8CE5200C3006D /* Views */,
				298AC56821C8CE3600C3006D /* AppDelegate.swift */,
				298AC59B21C8CE5200C3006D /* Assets.xcassets */,
				298AC5A221C8CE5200C3006D /* Main.storyboard */,
				298AC57121C8CE3600C3006D /* LaunchScreen.storyboard */,
				298AC57421C8CE3600C3006D /* Info.plist */,
			);
			path = LinggkaMusic_ListView_v3;
			sourceTree = "<group>";
		};
		298AC57C21C8CE3600C3006D /* LinggkaMusic_ListView_v3Tests */ = {
			isa = PBXGroup;
			children = (
				298AC57D21C8CE3600C3006D /* LinggkaMusic_ListView_v3Tests.swift */,
				298AC57F21C8CE3600C3006D /* Info.plist */,
			);
			path = LinggkaMusic_ListView_v3Tests;
			sourceTree = "<group>";
		};
		298AC58721C8CE3700C3006D /* LinggkaMusic_ListView_v3UITests */ = {
			isa = PBXGroup;
			children = (
				298AC58821C8CE3700C3006D /* LinggkaMusic_ListView_v3UITests.swift */,
				298AC58A21C8CE3700C3006D /* Info.plist */,
			);
			path = LinggkaMusic_ListView_v3UITests;
			sourceTree = "<group>";
		};
		298AC59621C8CE5200C3006D /* Views */ = {
			isa = PBXGroup;
			children = (
				298AC59721C8CE5200C3006D /* ViewArtists.swift */,
				298AC59821C8CE5200C3006D /* ViewSongs.swift */,
				298AC59921C8CE5200C3006D /* ViewAlbums.swift */,
				298AC59A21C8CE5200C3006D /* ViewPlaylists.swift */,
			);
			path = Views;
			sourceTree = "<group>";
		};
		298AC59C21C8CE5200C3006D /* DataBase */ = {
			isa = PBXGroup;
			children = (
				298AC59D21C8CE5200C3006D /* DataBase.swift */,
			);
			path = DataBase;
			sourceTree = "<group>";
		};
		298AC59E21C8CE5200C3006D /* ViewBase */ = {
			isa = PBXGroup;
			children = (
				298AC59F21C8CE5200C3006D /* ViewControllerBase.swift */,
				298AC5A021C8CE5200C3006D /* ViewControllerCollectionBase.swift */,
				298AC5A121C8CE5200C3006D /* ViewControllerTableBase.swift */,
			);
			path = ViewBase;
			sourceTree = "<group>";
		};
		298AC5A321C8CE5200C3006D /* UITableViewCell */ = {
			isa = PBXGroup;
			children = (
				298AC5A421C8CE5200C3006D /* TableViewCellBase.swift */,
				298AC5A521C8CE5200C3006D /* TableViewCellSong.swift */,
				298AC5A621C8CE5200C3006D /* TableViewCellPlaylist.swift */,
				298AC5A721C8CE5200C3006D /* TableViewCellArtist.swift */,
			);
			path = UITableViewCell;
			sourceTree = "<group>";
		};
		298AC5B621C8CE5900C3006D /* Resource */ = {
			isa = PBXGroup;
			children = (
				298AC5CA21C8CE8F00C3006D /* imgs */,
				298AC5D921C8CE8F00C3006D /* ListView */,
				298AC5DB21C8CE8F00C3006D /* Model */,
				298AC5B721C8CE6200C3006D /* fmdb */,
			);
			path = Resource;
			sourceTree = "<group>";
		};
		298AC5B721C8CE6200C3006D /* fmdb */ = {
			isa = PBXGroup;
			children = (
				298AC5C021C8CE7500C3006D /* FMDatabase.h */,
				298AC5C321C8CE7500C3006D /* FMDatabase.m */,
				298AC5BC21C8CE7500C3006D /* FMDatabaseAdditions.h */,
				298AC5BD21C8CE7500C3006D /* FMDatabaseAdditions.m */,
				298AC5BB21C8CE7500C3006D /* FMDatabasePool.h */,
				298AC5C121C8CE7500C3006D /* FMDatabasePool.m */,
				298AC5BE21C8CE7500C3006D /* FMDatabaseQueue.h */,
				298AC5BF21C8CE7500C3006D /* FMDatabaseQueue.m */,
				298AC5B921C8CE7400C3006D /* FMDB.h */,
				298AC5C421C8CE7500C3006D /* FMResultSet.h */,
				298AC5C221C8CE7500C3006D /* FMResultSet.m */,
				298AC5B821C8CE7400C3006D /* LinggkaMusic_ListView_v3-Bridging-Header.h */,
			);
			path = fmdb;
			sourceTree = "<group>";
		};
		298AC5CA21C8CE8F00C3006D /* imgs */ = {
			isa = PBXGroup;
			children = (
				298AC5CB21C8CE8F00C3006D /* 8.jpg */,
				298AC5CC21C8CE8F00C3006D /* 9.jpg */,
				298AC5CD21C8CE8F00C3006D /* 14.jpg */,
				298AC5CE21C8CE8F00C3006D /* 12.jpg */,
				298AC5CF21C8CE8F00C3006D /* 13.jpg */,
				298AC5D021C8CE8F00C3006D /* 11.jpg */,
				298AC5D121C8CE8F00C3006D /* 10.jpg */,
				298AC5D221C8CE8F00C3006D /* 4.jpg */,
				298AC5D321C8CE8F00C3006D /* 5.jpg */,
				298AC5D421C8CE8F00C3006D /* 7.jpg */,
				298AC5D521C8CE8F00C3006D /* 6.jpg */,
				298AC5D621C8CE8F00C3006D /* 2.jpg */,
				298AC5D721C8CE8F00C3006D /* 3.jpg */,
				298AC5D821C8CE8F00C3006D /* 1.jpg */,
			);
			path = imgs;
			sourceTree = "<group>";
		};
		298AC5D921C8CE8F00C3006D /* ListView */ = {
			isa = PBXGroup;
			children = (
				298AC5DA21C8CE8F00C3006D /* ListView.swift */,
			);
			path = ListView;
			sourceTree = "<group>";
		};
		298AC5DB21C8CE8F00C3006D /* Model */ = {
			isa = PBXGroup;
			children = (
				298AC5DC21C8CE8F00C3006D /* Label.swift */,
			);
			path = Model;
			sourceTree = "<group>";
		};
/* End PBXGroup section */

/* Begin PBXNativeTarget section */
		298AC56421C8CE3600C3006D /* LinggkaMusic_ListView_v3 */ = {
			isa = PBXNativeTarget;
			buildConfigurationList = 298AC58D21C8CE3700C3006D /* Build configuration list for PBXNativeTarget "LinggkaMusic_ListView_v3" */;
			buildPhases = (
				298AC56121C8CE3600C3006D /* Sources */,
				298AC56221C8CE3600C3006D /* Frameworks */,
				298AC56321C8CE3600C3006D /* Resources */,
			);
			buildRules = (
			);
			dependencies = (
			);
			name = LinggkaMusic_ListView_v3;
			productName = LinggkaMusic_ListView_v3;
			productReference = 298AC56521C8CE3600C3006D /* LinggkaMusic_ListView_v3.app */;
			productType = "com.apple.product-type.application";
		};
		298AC57821C8CE3600C3006D /* LinggkaMusic_ListView_v3Tests */ = {
			isa = PBXNativeTarget;
			buildConfigurationList = 298AC59021C8CE3700C3006D /* Build configuration list for PBXNativeTarget "LinggkaMusic_ListView_v3Tests" */;
			buildPhases = (
				298AC57521C8CE3600C3006D /* Sources */,
				298AC57621C8CE3600C3006D /* Frameworks */,
				298AC57721C8CE3600C3006D /* Resources */,
			);
			buildRules = (
			);
			dependencies = (
				298AC57B21C8CE3600C3006D /* PBXTargetDependency */,
			);
			name = LinggkaMusic_ListView_v3Tests;
			productName = LinggkaMusic_ListView_v3Tests;
			productReference = 298AC57921C8CE3600C3006D /* LinggkaMusic_ListView_v3Tests.xctest */;
			productType = "com.apple.product-type.bundle.unit-test";
		};
		298AC58321C8CE3700C3006D /* LinggkaMusic_ListView_v3UITests */ = {
			isa = PBXNativeTarget;
			buildConfigurationList = 298AC59321C8CE3700C3006D /* Build configuration list for PBXNativeTarget "LinggkaMusic_ListView_v3UITests" */;
			buildPhases = (
				298AC58021C8CE3700C3006D /* Sources */,
				298AC58121C8CE3700C3006D /* Frameworks */,
				298AC58221C8CE3700C3006D /* Resources */,
			);
			buildRules = (
			);
			dependencies = (
				298AC58621C8CE3700C3006D /* PBXTargetDependency */,
			);
			name = LinggkaMusic_ListView_v3UITests;
			productName = LinggkaMusic_ListView_v3UITests;
			productReference = 298AC58421C8CE3700C3006D /* LinggkaMusic_ListView_v3UITests.xctest */;
			productType = "com.apple.product-type.bundle.ui-testing";
		};
/* End PBXNativeTarget section */

/* Begin PBXProject section */
		298AC55D21C8CE3600C3006D /* Project object */ = {
			isa = PBXProject;
			attributes = {
				LastSwiftUpdateCheck = 1010;
				LastUpgradeCheck = 1010;
				ORGANIZATIONNAME = "Viet Asc";
				TargetAttributes = {
					298AC56421C8CE3600C3006D = {
						CreatedOnToolsVersion = 10.1;
						LastSwiftMigration = 1010;
					};
					298AC57821C8CE3600C3006D = {
						CreatedOnToolsVersion = 10.1;
						TestTargetID = 298AC56421C8CE3600C3006D;
					};
					298AC58321C8CE3700C3006D = {
						CreatedOnToolsVersion = 10.1;
						TestTargetID = 298AC56421C8CE3600C3006D;
					};
				};
			};
			buildConfigurationList = 298AC56021C8CE3600C3006D /* Build configuration list for PBXProject "LinggkaMusic_ListView_v3" */;
			compatibilityVersion = "Xcode 9.3";
			developmentRegion = en;
			hasScannedForEncodings = 0;
			knownRegions = (
				en,
				Base,
			);
			mainGroup = 298AC55C21C8CE3600C3006D;
			productRefGroup = 298AC56621C8CE3600C3006D /* Products */;
			projectDirPath = "";
			projectRoot = "";
			targets = (
				298AC56421C8CE3600C3006D /* LinggkaMusic_ListView_v3 */,
				298AC57821C8CE3600C3006D /* LinggkaMusic_ListView_v3Tests */,
				298AC58321C8CE3700C3006D /* LinggkaMusic_ListView_v3UITests */,
			);
		};
/* End PBXProject section */

/* Begin PBXResourcesBuildPhase section */
		298AC56321C8CE3600C3006D /* Resources */ = {
			isa = PBXResourcesBuildPhase;
			buildActionMask = 2147483647;
			files = (
				298AC5E721C8CE9000C3006D /* 6.jpg in Resources */,
				298AC5E421C8CE9000C3006D /* 4.jpg in Resources */,
				298AC5E321C8CE9000C3006D /* 10.jpg in Resources */,
				298AC5DF21C8CE9000C3006D /* 14.jpg in Resources */,
				298AC5EA21C8CE9000C3006D /* 1.jpg in Resources */,
				298AC5E121C8CE9000C3006D /* 13.jpg in Resources */,
				298AC5DD21C8CE9000C3006D /* 8.jpg in Resources */,
				298AC5E221C8CE9000C3006D /* 11.jpg in Resources */,
				298AC5E921C8CE9000C3006D /* 3.jpg in Resources */,
				298AC5E021C8CE9000C3006D /* 12.jpg in Resources */,
				298AC5B121C8CE5200C3006D /* Main.storyboard in Resources */,
				298AC5AC21C8CE5200C3006D /* Assets.xcassets in Resources */,
				298AC5E521C8CE9000C3006D /* 5.jpg in Resources */,
				298AC5E621C8CE9000C3006D /* 7.jpg in Resources */,
				298AC5E821C8CE9000C3006D /* 2.jpg in Resources */,
				298AC5DE21C8CE9000C3006D /* 9.jpg in Resources */,
				298AC57321C8CE3600C3006D /* LaunchScreen.storyboard in Resources */,
			);
			runOnlyForDeploymentPostprocessing = 0;
		};
		298AC57721C8CE3600C3006D /* Resources */ = {
			isa = PBXResourcesBuildPhase;
			buildActionMask = 2147483647;
			files = (
			);
			runOnlyForDeploymentPostprocessing = 0;
		};
		298AC58221C8CE3700C3006D /* Resources */ = {
			isa = PBXResourcesBuildPhase;
			buildActionMask = 2147483647;
			files = (
			);
			runOnlyForDeploymentPostprocessing = 0;
		};
/* End PBXResourcesBuildPhase section */

/* Begin PBXSourcesBuildPhase section */
		298AC56121C8CE3600C3006D /* Sources */ = {
			isa = PBXSourcesBuildPhase;
			buildActionMask = 2147483647;
			files = (
				298AC5B321C8CE5200C3006D /* TableViewCellSong.swift in Sources */,
				298AC5EB21C8CE9000C3006D /* ListView.swift in Sources */,
				298AC5B221C8CE5200C3006D /* TableViewCellBase.swift in Sources */,
				298AC5A921C8CE5200C3006D /* ViewSongs.swift in Sources */,
				298AC5C921C8CE7500C3006D /* FMDatabase.m in Sources */,
				298AC5B421C8CE5200C3006D /* TableViewCellPlaylist.swift in Sources */,
				298AC56921C8CE3600C3006D /* AppDelegate.swift in Sources */,
				298AC5C621C8CE7500C3006D /* FMDatabaseQueue.m in Sources */,
				298AC5C521C8CE7500C3006D /* FMDatabaseAdditions.m in Sources */,
				298AC5AB21C8CE5200C3006D /* ViewPlaylists.swift in Sources */,
				298AC5B021C8CE5200C3006D /* ViewControllerTableBase.swift in Sources */,
				298AC5AE21C8CE5200C3006D /* ViewControllerBase.swift in Sources */,
				298AC5AA21C8CE5200C3006D /* ViewAlbums.swift in Sources */,
				298AC5B521C8CE5200C3006D /* TableViewCellArtist.swift in Sources */,
				298AC5AD21C8CE5200C3006D /* DataBase.swift in Sources */,
				298AC5C821C8CE7500C3006D /* FMResultSet.m in Sources */,
				298AC5C721C8CE7500C3006D /* FMDatabasePool.m in Sources */,
				298AC5A821C8CE5200C3006D /* ViewArtists.swift in Sources */,
				298AC5EC21C8CE9000C3006D /* Label.swift in Sources */,
				298AC5AF21C8CE5200C3006D /* ViewControllerCollectionBase.swift in Sources */,
			);
			runOnlyForDeploymentPostprocessing = 0;
		};
		298AC57521C8CE3600C3006D /* Sources */ = {
			isa = PBXSourcesBuildPhase;
			buildActionMask = 2147483647;
			files = (
				298AC57E21C8CE3600C3006D /* LinggkaMusic_ListView_v3Tests.swift in Sources */,
			);
			runOnlyForDeploymentPostprocessing = 0;
		};
		298AC58021C8CE3700C3006D /* Sources */ = {
			isa = PBXSourcesBuildPhase;
			buildActionMask = 2147483647;
			files = (
				298AC58921C8CE3700C3006D /* LinggkaMusic_ListView_v3UITests.swift in Sources */,
			);
			runOnlyForDeploymentPostprocessing = 0;
		};
/* End PBXSourcesBuildPhase section */

/* Begin PBXTargetDependency section */
		298AC57B21C8CE3600C3006D /* PBXTargetDependency */ = {
			isa = PBXTargetDependency;
			target = 298AC56421C8CE3600C3006D /* LinggkaMusic_ListView_v3 */;
			targetProxy = 298AC57A21C8CE3600C3006D /* PBXContainerItemProxy */;
		};
		298AC58621C8CE3700C3006D /* PBXTargetDependency */ = {
			isa = PBXTargetDependency;
			target = 298AC56421C8CE3600C3006D /* LinggkaMusic_ListView_v3 */;
			targetProxy = 298AC58521C8CE3700C3006D /* PBXContainerItemProxy */;
		};
/* End PBXTargetDependency section */

/* Begin PBXVariantGroup section */
		298AC57121C8CE3600C3006D /* LaunchScreen.storyboard */ = {
			isa = PBXVariantGroup;
			children = (
				298AC57221C8CE3600C3006D /* Base */,
			);
			name = LaunchScreen.storyboard;
			sourceTree = "<group>";
		};
/* End PBXVariantGroup section */

/* Begin XCBuildConfiguration section */
		298AC58B21C8CE3700C3006D /* Debug */ = {
			isa = XCBuildConfiguration;
			buildSettings = {
				ALWAYS_SEARCH_USER_PATHS = NO;
				CLANG_ANALYZER_NONNULL = YES;
				CLANG_ANALYZER_NUMBER_OBJECT_CONVERSION = YES_AGGRESSIVE;
				CLANG_CXX_LANGUAGE_STANDARD = "gnu++14";
				CLANG_CXX_LIBRARY = "libc++";
				CLANG_ENABLE_MODULES = YES;
				CLANG_ENABLE_OBJC_ARC = YES;
				CLANG_ENABLE_OBJC_WEAK = YES;
				CLANG_WARN_BLOCK_CAPTURE_AUTORELEASING = YES;
				CLANG_WARN_BOOL_CONVERSION = YES;
				CLANG_WARN_COMMA = YES;
				CLANG_WARN_CONSTANT_CONVERSION = YES;
				CLANG_WARN_DEPRECATED_OBJC_IMPLEMENTATIONS = YES;
				CLANG_WARN_DIRECT_OBJC_ISA_USAGE = YES_ERROR;
				CLANG_WARN_DOCUMENTATION_COMMENTS = YES;
				CLANG_WARN_EMPTY_BODY = YES;
				CLANG_WARN_ENUM_CONVERSION = YES;
				CLANG_WARN_INFINITE_RECURSION = YES;
				CLANG_WARN_INT_CONVERSION = YES;
				CLANG_WARN_NON_LITERAL_NULL_CONVERSION = YES;
				CLANG_WARN_OBJC_IMPLICIT_RETAIN_SELF = YES;
				CLANG_WARN_OBJC_LITERAL_CONVERSION = YES;
				CLANG_WARN_OBJC_ROOT_CLASS = YES_ERROR;
				CLANG_WARN_RANGE_LOOP_ANALYSIS = YES;
				CLANG_WARN_STRICT_PROTOTYPES = YES;
				CLANG_WARN_SUSPICIOUS_MOVE = YES;
				CLANG_WARN_UNGUARDED_AVAILABILITY = YES_AGGRESSIVE;
				CLANG_WARN_UNREACHABLE_CODE = YES;
				CLANG_WARN__DUPLICATE_METHOD_MATCH = YES;
				CODE_SIGN_IDENTITY = "iPhone Developer";
				COPY_PHASE_STRIP = NO;
				DEBUG_INFORMATION_FORMAT = dwarf;
				ENABLE_STRICT_OBJC_MSGSEND = YES;
				ENABLE_TESTABILITY = YES;
				GCC_C_LANGUAGE_STANDARD = gnu11;
				GCC_DYNAMIC_NO_PIC = NO;
				GCC_NO_COMMON_BLOCKS = YES;
				GCC_OPTIMIZATION_LEVEL = 0;
				GCC_PREPROCESSOR_DEFINITIONS = (
					"DEBUG=1",
					"$(inherited)",
				);
				GCC_WARN_64_TO_32_BIT_CONVERSION = YES;
				GCC_WARN_ABOUT_RETURN_TYPE = YES_ERROR;
				GCC_WARN_UNDECLARED_SELECTOR = YES;
				GCC_WARN_UNINITIALIZED_AUTOS = YES_AGGRESSIVE;
				GCC_WARN_UNUSED_FUNCTION = YES;
				GCC_WARN_UNUSED_VARIABLE = YES;
				IPHONEOS_DEPLOYMENT_TARGET = 12.1;
				MTL_ENABLE_DEBUG_INFO = INCLUDE_SOURCE;
				MTL_FAST_MATH = YES;
				ONLY_ACTIVE_ARCH = YES;
				SDKROOT = iphoneos;
				SWIFT_ACTIVE_COMPILATION_CONDITIONS = DEBUG;
				SWIFT_OPTIMIZATION_LEVEL = "-Onone";
			};
			name = Debug;
		};
		298AC58C21C8CE3700C3006D /* Release */ = {
			isa = XCBuildConfiguration;
			buildSettings = {
				ALWAYS_SEARCH_USER_PATHS = NO;
				CLANG_ANALYZER_NONNULL = YES;
				CLANG_ANALYZER_NUMBER_OBJECT_CONVERSION = YES_AGGRESSIVE;
				CLANG_CXX_LANGUAGE_STANDARD = "gnu++14";
				CLANG_CXX_LIBRARY = "libc++";
				CLANG_ENABLE_MODULES = YES;
				CLANG_ENABLE_OBJC_ARC = YES;
				CLANG_ENABLE_OBJC_WEAK = YES;
				CLANG_WARN_BLOCK_CAPTURE_AUTORELEASING = YES;
				CLANG_WARN_BOOL_CONVERSION = YES;
				CLANG_WARN_COMMA = YES;
				CLANG_WARN_CONSTANT_CONVERSION = YES;
				CLANG_WARN_DEPRECATED_OBJC_IMPLEMENTATIONS = YES;
				CLANG_WARN_DIRECT_OBJC_ISA_USAGE = YES_ERROR;
				CLANG_WARN_DOCUMENTATION_COMMENTS = YES;
				CLANG_WARN_EMPTY_BODY = YES;
				CLANG_WARN_ENUM_CONVERSION = YES;
				CLANG_WARN_INFINITE_RECURSION = YES;
				CLANG_WARN_INT_CONVERSION = YES;
				CLANG_WARN_NON_LITERAL_NULL_CONVERSION = YES;
				CLANG_WARN_OBJC_IMPLICIT_RETAIN_SELF = YES;
				CLANG_WARN_OBJC_LITERAL_CONVERSION = YES;
				CLANG_WARN_OBJC_ROOT_CLASS = YES_ERROR;
				CLANG_WARN_RANGE_LOOP_ANALYSIS = YES;
				CLANG_WARN_STRICT_PROTOTYPES = YES;
				CLANG_WARN_SUSPICIOUS_MOVE = YES;
				CLANG_WARN_UNGUARDED_AVAILABILITY = YES_AGGRESSIVE;
				CLANG_WARN_UNREACHABLE_CODE = YES;
				CLANG_WARN__DUPLICATE_METHOD_MATCH = YES;
				CODE_SIGN_IDENTITY = "iPhone Developer";
				COPY_PHASE_STRIP = NO;
				DEBUG_INFORMATION_FORMAT = "dwarf-with-dsym";
				ENABLE_NS_ASSERTIONS = NO;
				ENABLE_STRICT_OBJC_MSGSEND = YES;
				GCC_C_LANGUAGE_STANDARD = gnu11;
				GCC_NO_COMMON_BLOCKS = YES;
				GCC_WARN_64_TO_32_BIT_CONVERSION = YES;
				GCC_WARN_ABOUT_RETURN_TYPE = YES_ERROR;
				GCC_WARN_UNDECLARED_SELECTOR = YES;
				GCC_WARN_UNINITIALIZED_AUTOS = YES_AGGRESSIVE;
				GCC_WARN_UNUSED_FUNCTION = YES;
				GCC_WARN_UNUSED_VARIABLE = YES;
				IPHONEOS_DEPLOYMENT_TARGET = 12.1;
				MTL_ENABLE_DEBUG_INFO = NO;
				MTL_FAST_MATH = YES;
				SDKROOT = iphoneos;
				SWIFT_COMPILATION_MODE = wholemodule;
				SWIFT_OPTIMIZATION_LEVEL = "-O";
				VALIDATE_PRODUCT = YES;
			};
			name = Release;
		};
		298AC58E21C8CE3700C3006D /* Debug */ = {
			isa = XCBuildConfiguration;
			buildSettings = {
				ASSETCATALOG_COMPILER_APPICON_NAME = AppIcon;
				CLANG_ENABLE_MODULES = YES;
				CODE_SIGN_STYLE = Automatic;
				DEVELOPMENT_TEAM = AGY9E5E6J5;
				INFOPLIST_FILE = LinggkaMusic_ListView_v3/Info.plist;
				LD_RUNPATH_SEARCH_PATHS = (
					"$(inherited)",
					"@executable_path/Frameworks",
				);
				PRODUCT_BUNDLE_IDENTIFIER = "Senegal.LinggkaMusic-ListView-v3";
				PRODUCT_NAME = "$(TARGET_NAME)";
				SWIFT_OBJC_BRIDGING_HEADER = "LinggkaMusic_ListView_v3/Resource/fmdb/LinggkaMusic_ListView_v3-Bridging-Header.h";
				SWIFT_OPTIMIZATION_LEVEL = "-Onone";
				SWIFT_VERSION = 4.2;
				TARGETED_DEVICE_FAMILY = "1,2";
			};
			name = Debug;
		};
		298AC58F21C8CE3700C3006D /* Release */ = {
			isa = XCBuildConfiguration;
			buildSettings = {
				ASSETCATALOG_COMPILER_APPICON_NAME = AppIcon;
				CLANG_ENABLE_MODULES = YES;
				CODE_SIGN_STYLE = Automatic;
				DEVELOPMENT_TEAM = AGY9E5E6J5;
				INFOPLIST_FILE = LinggkaMusic_ListView_v3/Info.plist;
				LD_RUNPATH_SEARCH_PATHS = (
					"$(inherited)",
					"@executable_path/Frameworks",
				);
				PRODUCT_BUNDLE_IDENTIFIER = "Senegal.LinggkaMusic-ListView-v3";
				PRODUCT_NAME = "$(TARGET_NAME)";
				SWIFT_OBJC_BRIDGING_HEADER = "LinggkaMusic_ListView_v3/Resource/fmdb/LinggkaMusic_ListView_v3-Bridging-Header.h";
				SWIFT_VERSION = 4.2;
				TARGETED_DEVICE_FAMILY = "1,2";
			};
			name = Release;
		};
		298AC59121C8CE3700C3006D /* Debug */ = {
			isa = XCBuildConfiguration;
			buildSettings = {
				ALWAYS_EMBED_SWIFT_STANDARD_LIBRARIES = YES;
				BUNDLE_LOADER = "$(TEST_HOST)";
				CODE_SIGN_STYLE = Automatic;
				DEVELOPMENT_TEAM = AGY9E5E6J5;
				INFOPLIST_FILE = LinggkaMusic_ListView_v3Tests/Info.plist;
				LD_RUNPATH_SEARCH_PATHS = (
					"$(inherited)",
					"@executable_path/Frameworks",
					"@loader_path/Frameworks",
				);
				PRODUCT_BUNDLE_IDENTIFIER = "Senegal.LinggkaMusic-ListView-v3Tests";
				PRODUCT_NAME = "$(TARGET_NAME)";
				SWIFT_VERSION = 4.2;
				TARGETED_DEVICE_FAMILY = "1,2";
				TEST_HOST = "$(BUILT_PRODUCTS_DIR)/LinggkaMusic_ListView_v3.app/LinggkaMusic_ListView_v3";
			};
			name = Debug;
		};
		298AC59221C8CE3700C3006D /* Release */ = {
			isa = XCBuildConfiguration;
			buildSettings = {
				ALWAYS_EMBED_SWIFT_STANDARD_LIBRARIES = YES;
				BUNDLE_LOADER = "$(TEST_HOST)";
				CODE_SIGN_STYLE = Automatic;
				DEVELOPMENT_TEAM = AGY9E5E6J5;
				INFOPLIST_FILE = LinggkaMusic_ListView_v3Tests/Info.plist;
				LD_RUNPATH_SEARCH_PATHS = (
					"$(inherited)",
					"@executable_path/Frameworks",
					"@loader_path/Frameworks",
				);
				PRODUCT_BUNDLE_IDENTIFIER = "Senegal.LinggkaMusic-ListView-v3Tests";
				PRODUCT_NAME = "$(TARGET_NAME)";
				SWIFT_VERSION = 4.2;
				TARGETED_DEVICE_FAMILY = "1,2";
				TEST_HOST = "$(BUILT_PRODUCTS_DIR)/LinggkaMusic_ListView_v3.app/LinggkaMusic_ListView_v3";
			};
			name = Release;
		};
		298AC59421C8CE3700C3006D /* Debug */ = {
			isa = XCBuildConfiguration;
			buildSettings = {
				ALWAYS_EMBED_SWIFT_STANDARD_LIBRARIES = YES;
				CODE_SIGN_STYLE = Automatic;
				DEVELOPMENT_TEAM = AGY9E5E6J5;
				INFOPLIST_FILE = LinggkaMusic_ListView_v3UITests/Info.plist;
				LD_RUNPATH_SEARCH_PATHS = (
					"$(inherited)",
					"@executable_path/Frameworks",
					"@loader_path/Frameworks",
				);
				PRODUCT_BUNDLE_IDENTIFIER = "Senegal.LinggkaMusic-ListView-v3UITests";
				PRODUCT_NAME = "$(TARGET_NAME)";
				SWIFT_VERSION = 4.2;
				TARGETED_DEVICE_FAMILY = "1,2";
				TEST_TARGET_NAME = LinggkaMusic_ListView_v3;
			};
			name = Debug;
		};
		298AC59521C8CE3700C3006D /* Release */ = {
			isa = XCBuildConfiguration;
			buildSettings = {
				ALWAYS_EMBED_SWIFT_STANDARD_LIBRARIES = YES;
				CODE_SIGN_STYLE = Automatic;
				DEVELOPMENT_TEAM = AGY9E5E6J5;
				INFOPLIST_FILE = LinggkaMusic_ListView_v3UITests/Info.plist;
				LD_RUNPATH_SEARCH_PATHS = (
					"$(inherited)",
					"@executable_path/Frameworks",
					"@loader_path/Frameworks",
				);
				PRODUCT_BUNDLE_IDENTIFIER = "Senegal.LinggkaMusic-ListView-v3UITests";
				PRODUCT_NAME = "$(TARGET_NAME)";
				SWIFT_VERSION = 4.2;
				TARGETED_DEVICE_FAMILY = "1,2";
				TEST_TARGET_NAME = LinggkaMusic_ListView_v3;
			};
			name = Release;
		};
/* End XCBuildConfiguration section */

/* Begin XCConfigurationList section */
		298AC56021C8CE3600C3006D /* Build configuration list for PBXProject "LinggkaMusic_ListView_v3" */ = {
			isa = XCConfigurationList;
			buildConfigurations = (
				298AC58B21C8CE3700C3006D /* Debug */,
				298AC58C21C8CE3700C3006D /* Release */,
			);
			defaultConfigurationIsVisible = 0;
			defaultConfigurationName = Release;
		};
		298AC58D21C8CE3700C3006D /* Build configuration list for PBXNativeTarget "LinggkaMusic_ListView_v3" */ = {
			isa = XCConfigurationList;
			buildConfigurations = (
				298AC58E21C8CE3700C3006D /* Debug */,
				298AC58F21C8CE3700C3006D /* Release */,
			);
			defaultConfigurationIsVisible = 0;
			defaultConfigurationName = Release;
		};
		298AC59021C8CE3700C3006D /* Build configuration list for PBXNativeTarget "LinggkaMusic_ListView_v3Tests" */ = {
			isa = XCConfigurationList;
			buildConfigurations = (
				298AC59121C8CE3700C3006D /* Debug */,
				298AC59221C8CE3700C3006D /* Release */,
			);
			defaultConfigurationIsVisible = 0;
			defaultConfigurationName = Release;
		};
		298AC59321C8CE3700C3006D /* Build configuration list for PBXNativeTarget "LinggkaMusic_ListView_v3UITests" */ = {
			isa = XCConfigurationList;
			buildConfigurations = (
				298AC59421C8CE3700C3006D /* Debug */,
				298AC59521C8CE3700C3006D /* Release */,
			);
			defaultConfigurationIsVisible = 0;
			defaultConfigurationName = Release;
		};
/* End XCConfigurationList section */
	};
	rootObject = 298AC55D21C8CE3600C3006D /* Project object */;
}
